
Microsoft Visual Studio Solution File, Format Version 12.00
# Visual Studio Version 16
VisualStudioVersion = 25.0.1700.5
MinimumVisualStudioVersion = 10.0.40219.1
Project("{FAE04EC0-301F-11D3-BF4B-00C04F79EFBC}") = "Classes_Exercise", "Classes_Exercise\Classes_Exercise.csproj", "{DC75E09A-C63E-4BF0-BB56-8B8A43473873}"
EndProject
Global
	GlobalSection(SolutionConfigurationPlatforms) = preSolution
		Debug|Any CPU = Debug|Any CPU
		Release|Any CPU = Release|Any CPU
	EndGlobalSection
	GlobalSection(ProjectConfigurationPlatforms) = postSolution
		{DC75E09A-C63E-4BF0-BB56-8B8A43473873}.Debug|Any CPU.ActiveCfg = Debug|Any CPU
		{DC75E09A-C63E-4BF0-BB56-8B8A43473873}.Debug|Any CPU.Build.0 = Debug|Any CPU
		{DC75E09A-C63E-4BF0-BB56-8B8A43473873}.Release|Any CPU.ActiveCfg = Release|Any CPU
		{DC75E09A-C63E-4BF0-BB56-8B8A43473873}.Release|Any CPU.Build.0 = Release|Any CPU
	EndGlobalSection
	GlobalSection(SolutionProperties) = preSolution
		HideSolutionNode = FALSE
	EndGlobalSection
	GlobalSection(ExtensibilityGlobals) = postSolution
		SolutionGuid = {178662C8-19DF-4AE3-9DB9-CF868B951288}
	EndGlobalSection
EndGlobal
